// !$*UTF8*$!
{
	archiveVersion = 1;
	classes = {
	};
	objectVersion = 50;
	objects = {

/* Begin PBXBuildFile section */
		CD4D82982665E8FA00FDCF02 /* MasterViewController.swift in Sources */ = {isa = PBXBuildFile; fileRef = CD4D82972665E8FA00FDCF02 /* MasterViewController.swift */; };
		CD4D829D2665E9D800FDCF02 /* DetailViewController.swift in Sources */ = {isa = PBXBuildFile; fileRef = CD4D829C2665E9D800FDCF02 /* DetailViewController.swift */; };
		CD4EBA742665E14500771441 /* AppDelegate.swift in Sources */ = {isa = PBXBuildFile; fileRef = CD4EBA732665E14500771441 /* AppDelegate.swift */; };
		CD4EBA762665E14500771441 /* SceneDelegate.swift in Sources */ = {isa = PBXBuildFile; fileRef = CD4EBA752665E14500771441 /* SceneDelegate.swift */; };
		CD4EBA7B2665E14500771441 /* Main.storyboard in Resources */ = {isa = PBXBuildFile; fileRef = CD4EBA792665E14500771441 /* Main.storyboard */; };
		CD4EBA7E2665E14500771441 /* iOSTest.xcdatamodeld in Sources */ = {isa = PBXBuildFile; fileRef = CD4EBA7C2665E14500771441 /* iOSTest.xcdatamodeld */; };
		CD4EBA802665E14600771441 /* Assets.xcassets in Resources */ = {isa = PBXBuildFile; fileRef = CD4EBA7F2665E14600771441 /* Assets.xcassets */; };
		CD4EBA832665E14600771441 /* LaunchScreen.storyboard in Resources */ = {isa = PBXBuildFile; fileRef = CD4EBA812665E14600771441 /* LaunchScreen.storyboard */; };
		CD4EBA8E2665E14600771441 /* iOSTestTests.swift in Sources */ = {isa = PBXBuildFile; fileRef = CD4EBA8D2665E14600771441 /* iOSTestTests.swift */; };
		CD4EBA992665E14600771441 /* iOSTestUITests.swift in Sources */ = {isa = PBXBuildFile; fileRef = CD4EBA982665E14600771441 /* iOSTestUITests.swift */; };
		CDC819E22666F6BA00339D7C /* Reachability.swift in Sources */ = {isa = PBXBuildFile; fileRef = CDC819E12666F6BA00339D7C /* Reachability.swift */; };
		CDC819EA266711C500339D7C /* ReditModel.swift in Sources */ = {isa = PBXBuildFile; fileRef = CDC819E9266711C500339D7C /* ReditModel.swift */; };
/* End PBXBuildFile section */

/* Begin PBXContainerItemProxy section */
		CD4EBA8A2665E14600771441 /* PBXContainerItemProxy */ = {
			isa = PBXContainerItemProxy;
			containerPortal = CD4EBA682665E14500771441 /* Project object */;
			proxyType = 1;
			remoteGlobalIDString = CD4EBA6F2665E14500771441;
			remoteInfo = iOSTest;
		};
		CD4EBA952665E14600771441 /* PBXContainerItemProxy */ = {
			isa = PBXContainerItemProxy;
			containerPortal = CD4EBA682665E14500771441 /* Project object */;
			proxyType = 1;
			remoteGlobalIDString = CD4EBA6F2665E14500771441;
			remoteInfo = iOSTest;
		};
/* End PBXContainerItemProxy section */

/* Begin PBXFileReference section */
		CD4D82972665E8FA00FDCF02 /* MasterViewController.swift */ = {isa = PBXFileReference; lastKnownFileType = sourcecode.swift; path = MasterViewController.swift; sourceTree = "<group>"; };
		CD4D829C2665E9D800FDCF02 /* DetailViewController.swift */ = {isa = PBXFileReference; lastKnownFileType = sourcecode.swift; path = DetailViewController.swift; sourceTree = "<group>"; };
		CD4EBA702665E14500771441 /* iOSTest.app */ = {isa = PBXFileReference; explicitFileType = wrapper.application; includeInIndex = 0; path = iOSTest.app; sourceTree = BUILT_PRODUCTS_DIR; };
		CD4EBA732665E14500771441 /* AppDelegate.swift */ = {isa = PBXFileReference; lastKnownFileType = sourcecode.swift; path = AppDelegate.swift; sourceTree = "<group>"; };
		CD4EBA752665E14500771441 /* SceneDelegate.swift */ = {isa = PBXFileReference; lastKnownFileType = sourcecode.swift; path = SceneDelegate.swift; sourceTree = "<group>"; };
		CD4EBA7A2665E14500771441 /* Base */ = {isa = PBXFileReference; lastKnownFileType = file.storyboard; name = Base; path = Base.lproj/Main.storyboard; sourceTree = "<group>"; };
		CD4EBA7D2665E14500771441 /* iOSTest.xcdatamodel */ = {isa = PBXFileReference; lastKnownFileType = wrapper.xcdatamodel; path = iOSTest.xcdatamodel; sourceTree = "<group>"; };
		CD4EBA7F2665E14600771441 /* Assets.xcassets */ = {isa = PBXFileReference; lastKnownFileType = folder.assetcatalog; path = Assets.xcassets; sourceTree = "<group>"; };
		CD4EBA822665E14600771441 /* Base */ = {isa = PBXFileReference; lastKnownFileType = file.storyboard; name = Base; path = Base.lproj/LaunchScreen.storyboard; sourceTree = "<group>"; };
		CD4EBA842665E14600771441 /* Info.plist */ = {isa = PBXFileReference; lastKnownFileType = text.plist.xml; path = Info.plist; sourceTree = "<group>"; };
		CD4EBA892665E14600771441 /* iOSTestTests.xctest */ = {isa = PBXFileReference; explicitFileType = wrapper.cfbundle; includeInIndex = 0; path = iOSTestTests.xctest; sourceTree = BUILT_PRODUCTS_DIR; };
		CD4EBA8D2665E14600771441 /* iOSTestTests.swift */ = {isa = PBXFileReference; lastKnownFileType = sourcecode.swift; path = iOSTestTests.swift; sourceTree = "<group>"; };
		CD4EBA8F2665E14600771441 /* Info.plist */ = {isa = PBXFileReference; lastKnownFileType = text.plist.xml; path = Info.plist; sourceTree = "<group>"; };
		CD4EBA942665E14600771441 /* iOSTestUITests.xctest */ = {isa = PBXFileReference; explicitFileType = wrapper.cfbundle; includeInIndex = 0; path = iOSTestUITests.xctest; sourceTree = BUILT_PRODUCTS_DIR; };
		CD4EBA982665E14600771441 /* iOSTestUITests.swift */ = {isa = PBXFileReference; lastKnownFileType = sourcecode.swift; path = iOSTestUITests.swift; sourceTree = "<group>"; };
		CD4EBA9A2665E14600771441 /* Info.plist */ = {isa = PBXFileReference; lastKnownFileType = text.plist.xml; path = Info.plist; sourceTree = "<group>"; };
		CDC819E12666F6BA00339D7C /* Reachability.swift */ = {isa = PBXFileReference; fileEncoding = 4; lastKnownFileType = sourcecode.swift; path = Reachability.swift; sourceTree = "<group>"; };
		CDC819E9266711C500339D7C /* ReditModel.swift */ = {isa = PBXFileReference; lastKnownFileType = sourcecode.swift; path = ReditModel.swift; sourceTree = "<group>"; };
/* End PBXFileReference section */

/* Begin PBXFrameworksBuildPhase section */
		CD4EBA6D2665E14500771441 /* Frameworks */ = {
			isa = PBXFrameworksBuildPhase;
			buildActionMask = 2147483647;
			files = (
			);
			runOnlyForDeploymentPostprocessing = 0;
		};
		CD4EBA862665E14600771441 /* Frameworks */ = {
			isa = PBXFrameworksBuildPhase;
			buildActionMask = 2147483647;
			files = (
			);
			runOnlyForDeploymentPostprocessing = 0;
		};
		CD4EBA912665E14600771441 /* Frameworks */ = {
			isa = PBXFrameworksBuildPhase;
			buildActionMask = 2147483647;
			files = (
			);
			runOnlyForDeploymentPostprocessing = 0;
		};
/* End PBXFrameworksBuildPhase section */

/* Begin PBXGroup section */
		CD4EBA672665E14500771441 = {
			isa = PBXGroup;
			children = (
				CD4EBA722665E14500771441 /* iOSTest */,
				CD4EBA8C2665E14600771441 /* iOSTestTests */,
				CD4EBA972665E14600771441 /* iOSTestUITests */,
				CD4EBA712665E14500771441 /* Products */,
			);
			sourceTree = "<group>";
		};
		CD4EBA712665E14500771441 /* Products */ = {
			isa = PBXGroup;
			children = (
				CD4EBA702665E14500771441 /* iOSTest.app */,
				CD4EBA892665E14600771441 /* iOSTestTests.xctest */,
				CD4EBA942665E14600771441 /* iOSTestUITests.xctest */,
			);
			name = Products;
			sourceTree = "<group>";
		};
		CD4EBA722665E14500771441 /* iOSTest */ = {
			isa = PBXGroup;
			children = (
				CDC819D82666F68A00339D7C /* Resources */,
				CD4EBA732665E14500771441 /* AppDelegate.swift */,
				CD4EBA752665E14500771441 /* SceneDelegate.swift */,
				CD4EBA792665E14500771441 /* Main.storyboard */,
				CD4D82972665E8FA00FDCF02 /* MasterViewController.swift */,
				CD4EBA7F2665E14600771441 /* Assets.xcassets */,
				CD4EBA812665E14600771441 /* LaunchScreen.storyboard */,
				CD4EBA842665E14600771441 /* Info.plist */,
				CD4EBA7C2665E14500771441 /* iOSTest.xcdatamodeld */,
				CD4D829C2665E9D800FDCF02 /* DetailViewController.swift */,
			);
			path = iOSTest;
			sourceTree = "<group>";
		};
		CD4EBA8C2665E14600771441 /* iOSTestTests */ = {
			isa = PBXGroup;
			children = (
				CD4EBA8D2665E14600771441 /* iOSTestTests.swift */,
				CD4EBA8F2665E14600771441 /* Info.plist */,
			);
			path = iOSTestTests;
			sourceTree = "<group>";
		};
		CD4EBA972665E14600771441 /* iOSTestUITests */ = {
			isa = PBXGroup;
			children = (
				CD4EBA982665E14600771441 /* iOSTestUITests.swift */,
				CD4EBA9A2665E14600771441 /* Info.plist */,
			);
			path = iOSTestUITests;
			sourceTree = "<group>";
		};
		CDC819D82666F68A00339D7C /* Resources */ = {
			isa = PBXGroup;
			children = (
				CDC819E12666F6BA00339D7C /* Reachability.swift */,
				CDC819E9266711C500339D7C /* ReditModel.swift */,
			);
			path = Resources;
			sourceTree = "<group>";
		};
/* End PBXGroup section */

/* Begin PBXNativeTarget section */
		CD4EBA6F2665E14500771441 /* iOSTest */ = {
			isa = PBXNativeTarget;
			buildConfigurationList = CD4EBA9D2665E14600771441 /* Build configuration list for PBXNativeTarget "iOSTest" */;
			buildPhases = (
				CD4EBA6C2665E14500771441 /* Sources */,
				CD4EBA6D2665E14500771441 /* Frameworks */,
				CD4EBA6E2665E14500771441 /* Resources */,
			);
			buildRules = (
			);
			dependencies = (
			);
			name = iOSTest;
			productName = iOSTest;
			productReference = CD4EBA702665E14500771441 /* iOSTest.app */;
			productType = "com.apple.product-type.application";
		};
		CD4EBA882665E14600771441 /* iOSTestTests */ = {
			isa = PBXNativeTarget;
			buildConfigurationList = CD4EBAA02665E14600771441 /* Build configuration list for PBXNativeTarget "iOSTestTests" */;
			buildPhases = (
				CD4EBA852665E14600771441 /* Sources */,
				CD4EBA862665E14600771441 /* Frameworks */,
				CD4EBA872665E14600771441 /* Resources */,
			);
			buildRules = (
			);
			dependencies = (
				CD4EBA8B2665E14600771441 /* PBXTargetDependency */,
			);
			name = iOSTestTests;
			productName = iOSTestTests;
			productReference = CD4EBA892665E14600771441 /* iOSTestTests.xctest */;
			productType = "com.apple.product-type.bundle.unit-test";
		};
		CD4EBA932665E14600771441 /* iOSTestUITests */ = {
			isa = PBXNativeTarget;
			buildConfigurationList = CD4EBAA32665E14600771441 /* Build configuration list for PBXNativeTarget "iOSTestUITests" */;
			buildPhases = (
				CD4EBA902665E14600771441 /* Sources */,
				CD4EBA912665E14600771441 /* Frameworks */,
				CD4EBA922665E14600771441 /* Resources */,
			);
			buildRules = (
			);
			dependencies = (
				CD4EBA962665E14600771441 /* PBXTargetDependency */,
			);
			name = iOSTestUITests;
			productName = iOSTestUITests;
			productReference = CD4EBA942665E14600771441 /* iOSTestUITests.xctest */;
			productType = "com.apple.product-type.bundle.ui-testing";
		};
/* End PBXNativeTarget section */

/* Begin PBXProject section */
		CD4EBA682665E14500771441 /* Project object */ = {
			isa = PBXProject;
			attributes = {
				LastSwiftUpdateCheck = 1230;
				LastUpgradeCheck = 1230;
				TargetAttributes = {
					CD4EBA6F2665E14500771441 = {
						CreatedOnToolsVersion = 12.3;
					};
					CD4EBA882665E14600771441 = {
						CreatedOnToolsVersion = 12.3;
						TestTargetID = CD4EBA6F2665E14500771441;
					};
					CD4EBA932665E14600771441 = {
						CreatedOnToolsVersion = 12.3;
						TestTargetID = CD4EBA6F2665E14500771441;
					};
				};
			};
			buildConfigurationList = CD4EBA6B2665E14500771441 /* Build configuration list for PBXProject "iOSTest" */;
			compatibilityVersion = "Xcode 9.3";
			developmentRegion = en;
			hasScannedForEncodings = 0;
			knownRegions = (
				en,
				Base,
			);
			mainGroup = CD4EBA672665E14500771441;
			productRefGroup = CD4EBA712665E14500771441 /* Products */;
			projectDirPath = "";
			projectRoot = "";
			targets = (
				CD4EBA6F2665E14500771441 /* iOSTest */,
				CD4EBA882665E14600771441 /* iOSTestTests */,
				CD4EBA932665E14600771441 /* iOSTestUITests */,
			);
		};
/* End PBXProject section */

/* Begin PBXResourcesBuildPhase section */
		CD4EBA6E2665E14500771441 /* Resources */ = {
			isa = PBXResourcesBuildPhase;
			buildActionMask = 2147483647;
			files = (
				CD4EBA832665E14600771441 /* LaunchScreen.storyboard in Resources */,
				CD4EBA802665E14600771441 /* Assets.xcassets in Resources */,
				CD4EBA7B2665E14500771441 /* Main.storyboard in Resources */,
			);
			runOnlyForDeploymentPostprocessing = 0;
		};
		CD4EBA872665E14600771441 /* Resources */ = {
			isa = PBXResourcesBuildPhase;
			buildActionMask = 2147483647;
			files = (
			);
			runOnlyForDeploymentPostprocessing = 0;
		};
		CD4EBA922665E14600771441 /* Resources */ = {
			isa = PBXResourcesBuildPhase;
			buildActionMask = 2147483647;
			files = (
			);
			runOnlyForDeploymentPostprocessing = 0;
		};
/* End PBXResourcesBuildPhase section */

/* Begin PBXSourcesBuildPhase section */
		CD4EBA6C2665E14500771441 /* Sources */ = {
			isa = PBXSourcesBuildPhase;
			buildActionMask = 2147483647;
			files = (
				CDC819E22666F6BA00339D7C /* Reachability.swift in Sources */,
				CD4D82982665E8FA00FDCF02 /* MasterViewController.swift in Sources */,
				CD4EBA742665E14500771441 /* AppDelegate.swift in Sources */,
				CD4D829D2665E9D800FDCF02 /* DetailViewController.swift in Sources */,
				CD4EBA762665E14500771441 /* SceneDelegate.swift in Sources */,
				CDC819EA266711C500339D7C /* ReditModel.swift in Sources */,
				CD4EBA7E2665E14500771441 /* iOSTest.xcdatamodeld in Sources */,
			);
			runOnlyForDeploymentPostprocessing = 0;
		};
		CD4EBA852665E14600771441 /* Sources */ = {
			isa = PBXSourcesBuildPhase;
			buildActionMask = 2147483647;
			files = (
				CD4EBA8E2665E14600771441 /* iOSTestTests.swift in Sources */,
			);
			runOnlyForDeploymentPostprocessing = 0;
		};
		CD4EBA902665E14600771441 /* Sources */ = {
			isa = PBXSourcesBuildPhase;
			buildActionMask = 2147483647;
			files = (
				CD4EBA992665E14600771441 /* iOSTestUITests.swift in Sources */,
			);
			runOnlyForDeploymentPostprocessing = 0;
		};
/* End PBXSourcesBuildPhase section */

/* Begin PBXTargetDependency section */
		CD4EBA8B2665E14600771441 /* PBXTargetDependency */ = {
			isa = PBXTargetDependency;
			target = CD4EBA6F2665E14500771441 /* iOSTest */;
			targetProxy = CD4EBA8A2665E14600771441 /* PBXContainerItemProxy */;
		};
		CD4EBA962665E14600771441 /* PBXTargetDependency */ = {
			isa = PBXTargetDependency;
			target = CD4EBA6F2665E14500771441 /* iOSTest */;
			targetProxy = CD4EBA952665E14600771441 /* PBXContainerItemProxy */;
		};
/* End PBXTargetDependency section */

/* Begin PBXVariantGroup section */
		CD4EBA792665E14500771441 /* Main.storyboard */ = {
			isa = PBXVariantGroup;
			children = (
				CD4EBA7A2665E14500771441 /* Base */,
			);
			name = Main.storyboard;
			sourceTree = "<group>";
		};
		CD4EBA812665E14600771441 /* LaunchScreen.storyboard */ = {
			isa = PBXVariantGroup;
			children = (
				CD4EBA822665E14600771441 /* Base */,
			);
			name = LaunchScreen.storyboard;
			sourceTree = "<group>";
		};
/* End PBXVariantGroup section */

/* Begin XCBuildConfiguration section */
		CD4EBA9B2665E14600771441 /* Debug */ = {
			isa = XCBuildConfiguration;
			buildSettings = {
				ALWAYS_SEARCH_USER_PATHS = NO;
				CLANG_ANALYZER_NONNULL = YES;
				CLANG_ANALYZER_NUMBER_OBJECT_CONVERSION = YES_AGGRESSIVE;
				CLANG_CXX_LANGUAGE_STANDARD = "gnu++14";
				CLANG_CXX_LIBRARY = "libc++";
				CLANG_ENABLE_MODULES = YES;
				CLANG_ENABLE_OBJC_ARC = YES;
				CLANG_ENABLE_OBJC_WEAK = YES;
				CLANG_WARN_BLOCK_CAPTURE_AUTORELEASING = YES;
				CLANG_WARN_BOOL_CONVERSION = YES;
				CLANG_WARN_COMMA = YES;
				CLANG_WARN_CONSTANT_CONVERSION = YES;
				CLANG_WARN_DEPRECATED_OBJC_IMPLEMENTATIONS = YES;
				CLANG_WARN_DIRECT_OBJC_ISA_USAGE = YES_ERROR;
				CLANG_WARN_DOCUMENTATION_COMMENTS = YES;
				CLANG_WARN_EMPTY_BODY = YES;
				CLANG_WARN_ENUM_CONVERSION = YES;
				CLANG_WARN_INFINITE_RECURSION = YES;
				CLANG_WARN_INT_CONVERSION = YES;
				CLANG_WARN_NON_LITERAL_NULL_CONVERSION = YES;
				CLANG_WARN_OBJC_IMPLICIT_RETAIN_SELF = YES;
				CLANG_WARN_OBJC_LITERAL_CONVERSION = YES;
				CLANG_WARN_OBJC_ROOT_CLASS = YES_ERROR;
				CLANG_WARN_QUOTED_INCLUDE_IN_FRAMEWORK_HEADER = YES;
				CLANG_WARN_RANGE_LOOP_ANALYSIS = YES;
				CLANG_WARN_STRICT_PROTOTYPES = YES;
				CLANG_WARN_SUSPICIOUS_MOVE = YES;
				CLANG_WARN_UNGUARDED_AVAILABILITY = YES_AGGRESSIVE;
				CLANG_WARN_UNREACHABLE_CODE = YES;
				CLANG_WARN__DUPLICATE_METHOD_MATCH = YES;
				COPY_PHASE_STRIP = NO;
				DEBUG_INFORMATION_FORMAT = dwarf;
				ENABLE_STRICT_OBJC_MSGSEND = YES;
				ENABLE_TESTABILITY = YES;
				GCC_C_LANGUAGE_STANDARD = gnu11;
				GCC_DYNAMIC_NO_PIC = NO;
				GCC_NO_COMMON_BLOCKS = YES;
				GCC_OPTIMIZATION_LEVEL = 0;
				GCC_PREPROCESSOR_DEFINITIONS = (
					"DEBUG=1",
					"$(inherited)",
				);
				GCC_WARN_64_TO_32_BIT_CONVERSION = YES;
				GCC_WARN_ABOUT_RETURN_TYPE = YES_ERROR;
				GCC_WARN_UNDECLARED_SELECTOR = YES;
				GCC_WARN_UNINITIALIZED_AUTOS = YES_AGGRESSIVE;
				GCC_WARN_UNUSED_FUNCTION = YES;
				GCC_WARN_UNUSED_VARIABLE = YES;
				IPHONEOS_DEPLOYMENT_TARGET = 14.3;
				MTL_ENABLE_DEBUG_INFO = INCLUDE_SOURCE;
				MTL_FAST_MATH = YES;
				ONLY_ACTIVE_ARCH = YES;
				SDKROOT = iphoneos;
				SWIFT_ACTIVE_COMPILATION_CONDITIONS = DEBUG;
				SWIFT_OPTIMIZATION_LEVEL = "-Onone";
			};
			name = Debug;
		};
		CD4EBA9C2665E14600771441 /* Release */ = {
			isa = XCBuildConfiguration;
			buildSettings = {
				ALWAYS_SEARCH_USER_PATHS = NO;
				CLANG_ANALYZER_NONNULL = YES;
				CLANG_ANALYZER_NUMBER_OBJECT_CONVERSION = YES_AGGRESSIVE;
				CLANG_CXX_LANGUAGE_STANDARD = "gnu++14";
				CLANG_CXX_LIBRARY = "libc++";
				CLANG_ENABLE_MODULES = YES;
				CLANG_ENABLE_OBJC_ARC = YES;
				CLANG_ENABLE_OBJC_WEAK = YES;
				CLANG_WARN_BLOCK_CAPTURE_AUTORELEASING = YES;
				CLANG_WARN_BOOL_CONVERSION = YES;
				CLANG_WARN_COMMA = YES;
				CLANG_WARN_CONSTANT_CONVERSION = YES;
				CLANG_WARN_DEPRECATED_OBJC_IMPLEMENTATIONS = YES;
				CLANG_WARN_DIRECT_OBJC_ISA_USAGE = YES_ERROR;
				CLANG_WARN_DOCUMENTATION_COMMENTS = YES;
				CLANG_WARN_EMPTY_BODY = YES;
				CLANG_WARN_ENUM_CONVERSION = YES;
				CLANG_WARN_INFINITE_RECURSION = YES;
				CLANG_WARN_INT_CONVERSION = YES;
				CLANG_WARN_NON_LITERAL_NULL_CONVERSION = YES;
				CLANG_WARN_OBJC_IMPLICIT_RETAIN_SELF = YES;
				CLANG_WARN_OBJC_LITERAL_CONVERSION = YES;
				CLANG_WARN_OBJC_ROOT_CLASS = YES_ERROR;
				CLANG_WARN_QUOTED_INCLUDE_IN_FRAMEWORK_HEADER = YES;
				CLANG_WARN_RANGE_LOOP_ANALYSIS = YES;
				CLANG_WARN_STRICT_PROTOTYPES = YES;
				CLANG_WARN_SUSPICIOUS_MOVE = YES;
				CLANG_WARN_UNGUARDED_AVAILABILITY = YES_AGGRESSIVE;
				CLANG_WARN_UNREACHABLE_CODE = YES;
				CLANG_WARN__DUPLICATE_METHOD_MATCH = YES;
				COPY_PHASE_STRIP = NO;
				DEBUG_INFORMATION_FORMAT = "dwarf-with-dsym";
				ENABLE_NS_ASSERTIONS = NO;
				ENABLE_STRICT_OBJC_MSGSEND = YES;
				GCC_C_LANGUAGE_STANDARD = gnu11;
				GCC_NO_COMMON_BLOCKS = YES;
				GCC_WARN_64_TO_32_BIT_CONVERSION = YES;
				GCC_WARN_ABOUT_RETURN_TYPE = YES_ERROR;
				GCC_WARN_UNDECLARED_SELECTOR = YES;
				GCC_WARN_UNINITIALIZED_AUTOS = YES_AGGRESSIVE;
				GCC_WARN_UNUSED_FUNCTION = YES;
				GCC_WARN_UNUSED_VARIABLE = YES;
				IPHONEOS_DEPLOYMENT_TARGET = 14.3;
				MTL_ENABLE_DEBUG_INFO = NO;
				MTL_FAST_MATH = YES;
				SDKROOT = iphoneos;
				SWIFT_COMPILATION_MODE = wholemodule;
				SWIFT_OPTIMIZATION_LEVEL = "-O";
				VALIDATE_PRODUCT = YES;
			};
			name = Release;
		};
		CD4EBA9E2665E14600771441 /* Debug */ = {
			isa = XCBuildConfiguration;
			buildSettings = {
				ASSETCATALOG_COMPILER_APPICON_NAME = AppIcon;
				ASSETCATALOG_COMPILER_GLOBAL_ACCENT_COLOR_NAME = AccentColor;
				CODE_SIGN_STYLE = Automatic;
				DEVELOPMENT_TEAM = NLFN43B3V5;
				INFOPLIST_FILE = iOSTest/Info.plist;
				LD_RUNPATH_SEARCH_PATHS = (
					"$(inherited)",
					"@executable_path/Frameworks",
				);
				PRODUCT_BUNDLE_IDENTIFIER = com.example.iOSTest;
				PRODUCT_NAME = "$(TARGET_NAME)";
				SWIFT_VERSION = 5.0;
				TARGETED_DEVICE_FAMILY = "1,2";
			};
			name = Debug;
		};
		CD4EBA9F2665E14600771441 /* Release */ = {
			isa = XCBuildConfiguration;
			buildSettings = {
				ASSETCATALOG_COMPILER_APPICON_NAME = AppIcon;
				ASSETCATALOG_COMPILER_GLOBAL_ACCENT_COLOR_NAME = AccentColor;
				CODE_SIGN_STYLE = Automatic;
				DEVELOPMENT_TEAM = NLFN43B3V5;
				INFOPLIST_FILE = iOSTest/Info.plist;
				LD_RUNPATH_SEARCH_PATHS = (
					"$(inherited)",
					"@executable_path/Frameworks",
				);
				PRODUCT_BUNDLE_IDENTIFIER = com.example.iOSTest;
				PRODUCT_NAME = "$(TARGET_NAME)";
				SWIFT_VERSION = 5.0;
				TARGETED_DEVICE_FAMILY = "1,2";
			};
			name = Release;
		};
		CD4EBAA12665E14600771441 /* Debug */ = {
			isa = XCBuildConfiguration;
			buildSettings = {
				ALWAYS_EMBED_SWIFT_STANDARD_LIBRARIES = YES;
				BUNDLE_LOADER = "$(TEST_HOST)";
				CODE_SIGN_STYLE = Automatic;
				DEVELOPMENT_TEAM = NLFN43B3V5;
				INFOPLIST_FILE = iOSTestTests/Info.plist;
				IPHONEOS_DEPLOYMENT_TARGET = 14.3;
				LD_RUNPATH_SEARCH_PATHS = (
					"$(inherited)",
					"@executable_path/Frameworks",
					"@loader_path/Frameworks",
				);
				PRODUCT_BUNDLE_IDENTIFIER = com.example.iOSTestTests;
				PRODUCT_NAME = "$(TARGET_NAME)";
				SWIFT_VERSION = 5.0;
				TARGETED_DEVICE_FAMILY = "1,2";
				TEST_HOST = "$(BUILT_PRODUCTS_DIR)/iOSTest.app/iOSTest";
			};
			name = Debug;
		};
		CD4EBAA22665E14600771441 /* Release */ = {
			isa = XCBuildConfiguration;
			buildSettings = {
				ALWAYS_EMBED_SWIFT_STANDARD_LIBRARIES = YES;
				BUNDLE_LOADER = "$(TEST_HOST)";
				CODE_SIGN_STYLE = Automatic;
				DEVELOPMENT_TEAM = NLFN43B3V5;
				INFOPLIST_FILE = iOSTestTests/Info.plist;
				IPHONEOS_DEPLOYMENT_TARGET = 14.3;
				LD_RUNPATH_SEARCH_PATHS = (
					"$(inherited)",
					"@executable_path/Frameworks",
					"@loader_path/Frameworks",
				);
				PRODUCT_BUNDLE_IDENTIFIER = com.example.iOSTestTests;
				PRODUCT_NAME = "$(TARGET_NAME)";
				SWIFT_VERSION = 5.0;
				TARGETED_DEVICE_FAMILY = "1,2";
				TEST_HOST = "$(BUILT_PRODUCTS_DIR)/iOSTest.app/iOSTest";
			};
			name = Release;
		};
		CD4EBAA42665E14600771441 /* Debug */ = {
			isa = XCBuildConfiguration;
			buildSettings = {
				ALWAYS_EMBED_SWIFT_STANDARD_LIBRARIES = YES;
				CODE_SIGN_STYLE = Automatic;
				DEVELOPMENT_TEAM = NLFN43B3V5;
				INFOPLIST_FILE = iOSTestUITests/Info.plist;
				LD_RUNPATH_SEARCH_PATHS = (
					"$(inherited)",
					"@executable_path/Frameworks",
					"@loader_path/Frameworks",
				);
				PRODUCT_BUNDLE_IDENTIFIER = com.example.iOSTestUITests;
				PRODUCT_NAME = "$(TARGET_NAME)";
				SWIFT_VERSION = 5.0;
				TARGETED_DEVICE_FAMILY = "1,2";
				TEST_TARGET_NAME = iOSTest;
			};
			name = Debug;
		};
		CD4EBAA52665E14600771441 /* Release */ = {
			isa = XCBuildConfiguration;
			buildSettings = {
				ALWAYS_EMBED_SWIFT_STANDARD_LIBRARIES = YES;
				CODE_SIGN_STYLE = Automatic;
				DEVELOPMENT_TEAM = NLFN43B3V5;
				INFOPLIST_FILE = iOSTestUITests/Info.plist;
				LD_RUNPATH_SEARCH_PATHS = (
					"$(inherited)",
					"@executable_path/Frameworks",
					"@loader_path/Frameworks",
				);
				PRODUCT_BUNDLE_IDENTIFIER = com.example.iOSTestUITests;
				PRODUCT_NAME = "$(TARGET_NAME)";
				SWIFT_VERSION = 5.0;
				TARGETED_DEVICE_FAMILY = "1,2";
				TEST_TARGET_NAME = iOSTest;
			};
			name = Release;
		};
/* End XCBuildConfiguration section */

/* Begin XCConfigurationList section */
		CD4EBA6B2665E14500771441 /* Build configuration list for PBXProject "iOSTest" */ = {
			isa = XCConfigurationList;
			buildConfigurations = (
				CD4EBA9B2665E14600771441 /* Debug */,
				CD4EBA9C2665E14600771441 /* Release */,
			);
			defaultConfigurationIsVisible = 0;
			defaultConfigurationName = Release;
		};
		CD4EBA9D2665E14600771441 /* Build configuration list for PBXNativeTarget "iOSTest" */ = {
			isa = XCConfigurationList;
			buildConfigurations = (
				CD4EBA9E2665E14600771441 /* Debug */,
				CD4EBA9F2665E14600771441 /* Release */,
			);
			defaultConfigurationIsVisible = 0;
			defaultConfigurationName = Release;
		};
		CD4EBAA02665E14600771441 /* Build configuration list for PBXNativeTarget "iOSTestTests" */ = {
			isa = XCConfigurationList;
			buildConfigurations = (
				CD4EBAA12665E14600771441 /* Debug */,
				CD4EBAA22665E14600771441 /* Release */,
			);
			defaultConfigurationIsVisible = 0;
			defaultConfigurationName = Release;
		};
		CD4EBAA32665E14600771441 /* Build configuration list for PBXNativeTarget "iOSTestUITests" */ = {
			isa = XCConfigurationList;
			buildConfigurations = (
				CD4EBAA42665E14600771441 /* Debug */,
				CD4EBAA52665E14600771441 /* Release */,
			);
			defaultConfigurationIsVisible = 0;
			defaultConfigurationName = Release;
		};
/* End XCConfigurationList section */

/* Begin XCVersionGroup section */
		CD4EBA7C2665E14500771441 /* iOSTest.xcdatamodeld */ = {
			isa = XCVersionGroup;
			children = (
				CD4EBA7D2665E14500771441 /* iOSTest.xcdatamodel */,
			);
			currentVersion = CD4EBA7D2665E14500771441 /* iOSTest.xcdatamodel */;
			path = iOSTest.xcdatamodeld;
			sourceTree = "<group>";
			versionGroupType = wrapper.xcdatamodel;
		};
/* End XCVersionGroup section */
	};
	rootObject = CD4EBA682665E14500771441 /* Project object */;
}
